github.com/Masterminds/semver/v3 v3.1.1 h1:hLg3sBzpNErnxhQtUy/mmLR2I9foDujNK030IGemrRc=
github.com/Masterminds/semver/v3 v3.1.1/go.mod h1:VPu/7SZ7ePZ3QOrcuXROw5FAcLl4a0cBrbBpGY/8hQs=
github.com/aws/aws-cdk-go/awscdk v1.98.0-devpreview h1:4kcpl2n8NtorpQpx9puA9l05MuBgr7FelkttQH+1QMo=
github.com/aws/aws-cdk-go/awscdk v1.98.0-devpreview/go.mod h1:eOHVo39f3ZUjxOHTIpr1UbZM2o64KIYKZbHT6GHb/VE=
github.com/aws/constructs-go/constructs/v3 v3.3.71 h1:lq3sixPXy84dTq/dOxkZbLuAYz27+OMD4gNHnYHYbus=
github.com/aws/constructs-go/constructs/v3 v3.3.71/go.mod h1:TKhHOxYZknZT552ufADDzpb+q+vDkr1XVDWjRxFCgfI=
github.com/aws/jsii-runtime-go v1.26.0/go.mod h1:9ddMDdGQwew6pQrfuTID/LxDDrpyrybwsWN84etzjQ8=
github.com/aws/jsii-runtime-go v1.27.0 h1:kxpSo374PT02QBnwC4y+5JeT8TYecU+OBbrcU+ps/1Y=
github.com/aws/jsii-runtime-go v1.27.0/go.mod h1:9ddMDdGQwew6pQrfuTID/LxDDrpyrybwsWN84etzjQ8=
gopkg.in/check.v1 v0.0.0-20161208181325-20d25e280405 h1:yhCVgyC4o1eVCa2tZl7eS0r+SDo693bJlVdllGtEeKM=
gopkg.in/check.v1 v0.0.0-20161208181325-20d25e280405/go.mod h1:Co6ibVJAznAaIkqp8huTwlJQCZ016jof/cbN4VW5Yz0=
gopkg.in/yaml.v2 v2.4.0 h1:D8xgwECY7CYvx+Y2n4sBz93Jn9JRvxdiyyo8CTfuKaY=
gopkg.in/yaml.v2 v2.4.0/go.mod h1:RDklbk79AGWmwhnvt/jBztapEOGDOx6ZbXqjP6csGnQ=
